// !$*UTF8*$!
{
	archiveVersion = 1;
	classes = {
	};
	objectVersion = 50;
	objects = {

/* Begin PBXBuildFile section */
		284C791D24773ABA00CF6F67 /* AppDelegate.swift in Sources */ = {isa = PBXBuildFile; fileRef = 284C791C24773ABA00CF6F67 /* AppDelegate.swift */; };
		284C791F24773ABA00CF6F67 /* ViewController.swift in Sources */ = {isa = PBXBuildFile; fileRef = 284C791E24773ABA00CF6F67 /* ViewController.swift */; };
		284C792224773ABA00CF6F67 /* Main.storyboard in Resources */ = {isa = PBXBuildFile; fileRef = 284C792024773ABA00CF6F67 /* Main.storyboard */; };
		284C792424773ABC00CF6F67 /* Assets.xcassets in Resources */ = {isa = PBXBuildFile; fileRef = 284C792324773ABC00CF6F67 /* Assets.xcassets */; };
		284C792724773ABC00CF6F67 /* LaunchScreen.storyboard in Resources */ = {isa = PBXBuildFile; fileRef = 284C792524773ABC00CF6F67 /* LaunchScreen.storyboard */; };
		284C793224773ABC00CF6F67 /* ImageTests.swift in Sources */ = {isa = PBXBuildFile; fileRef = 284C793124773ABC00CF6F67 /* ImageTests.swift */; };
		284C793D24773ABC00CF6F67 /* ImageUITests.swift in Sources */ = {isa = PBXBuildFile; fileRef = 284C793C24773ABC00CF6F67 /* ImageUITests.swift */; };
/* End PBXBuildFile section */

/* Begin PBXContainerItemProxy section */
		284C792E24773ABC00CF6F67 /* PBXContainerItemProxy */ = {
			isa = PBXContainerItemProxy;
			containerPortal = 284C791124773ABA00CF6F67 /* Project object */;
			proxyType = 1;
			remoteGlobalIDString = 284C791824773ABA00CF6F67;
			remoteInfo = Image;
		};
		284C793924773ABC00CF6F67 /* PBXContainerItemProxy */ = {
			isa = PBXContainerItemProxy;
			containerPortal = 284C791124773ABA00CF6F67 /* Project object */;
			proxyType = 1;
			remoteGlobalIDString = 284C791824773ABA00CF6F67;
			remoteInfo = Image;
		};
/* End PBXContainerItemProxy section */

/* Begin PBXFileReference section */
		284C791924773ABA00CF6F67 /* Image.app */ = {isa = PBXFileReference; explicitFileType = wrapper.application; includeInIndex = 0; path = Image.app; sourceTree = BUILT_PRODUCTS_DIR; };
		284C791C24773ABA00CF6F67 /* AppDelegate.swift */ = {isa = PBXFileReference; lastKnownFileType = sourcecode.swift; path = AppDelegate.swift; sourceTree = "<group>"; };
		284C791E24773ABA00CF6F67 /* ViewController.swift */ = {isa = PBXFileReference; lastKnownFileType = sourcecode.swift; path = ViewController.swift; sourceTree = "<group>"; };
		284C792124773ABA00CF6F67 /* Base */ = {isa = PBXFileReference; lastKnownFileType = file.storyboard; name = Base; path = Base.lproj/Main.storyboard; sourceTree = "<group>"; };
		284C792324773ABC00CF6F67 /* Assets.xcassets */ = {isa = PBXFileReference; lastKnownFileType = folder.assetcatalog; path = Assets.xcassets; sourceTree = "<group>"; };
		284C792624773ABC00CF6F67 /* Base */ = {isa = PBXFileReference; lastKnownFileType = file.storyboard; name = Base; path = Base.lproj/LaunchScreen.storyboard; sourceTree = "<group>"; };
		284C792824773ABC00CF6F67 /* Info.plist */ = {isa = PBXFileReference; lastKnownFileType = text.plist.xml; path = Info.plist; sourceTree = "<group>"; };
		284C792D24773ABC00CF6F67 /* ImageTests.xctest */ = {isa = PBXFileReference; explicitFileType = wrapper.cfbundle; includeInIndex = 0; path = ImageTests.xctest; sourceTree = BUILT_PRODUCTS_DIR; };
		284C793124773ABC00CF6F67 /* ImageTests.swift */ = {isa = PBXFileReference; lastKnownFileType = sourcecode.swift; path = ImageTests.swift; sourceTree = "<group>"; };
		284C793324773ABC00CF6F67 /* Info.plist */ = {isa = PBXFileReference; lastKnownFileType = text.plist.xml; path = Info.plist; sourceTree = "<group>"; };
		284C793824773ABC00CF6F67 /* ImageUITests.xctest */ = {isa = PBXFileReference; explicitFileType = wrapper.cfbundle; includeInIndex = 0; path = ImageUITests.xctest; sourceTree = BUILT_PRODUCTS_DIR; };
		284C793C24773ABC00CF6F67 /* ImageUITests.swift */ = {isa = PBXFileReference; lastKnownFileType = sourcecode.swift; path = ImageUITests.swift; sourceTree = "<group>"; };
		284C793E24773ABC00CF6F67 /* Info.plist */ = {isa = PBXFileReference; lastKnownFileType = text.plist.xml; path = Info.plist; sourceTree = "<group>"; };
/* End PBXFileReference section */

/* Begin PBXFrameworksBuildPhase section */
		284C791624773ABA00CF6F67 /* Frameworks */ = {
			isa = PBXFrameworksBuildPhase;
			buildActionMask = 2147483647;
			files = (
			);
			runOnlyForDeploymentPostprocessing = 0;
		};
		284C792A24773ABC00CF6F67 /* Frameworks */ = {
			isa = PBXFrameworksBuildPhase;
			buildActionMask = 2147483647;
			files = (
			);
			runOnlyForDeploymentPostprocessing = 0;
		};
		284C793524773ABC00CF6F67 /* Frameworks */ = {
			isa = PBXFrameworksBuildPhase;
			buildActionMask = 2147483647;
			files = (
			);
			runOnlyForDeploymentPostprocessing = 0;
		};
/* End PBXFrameworksBuildPhase section */

/* Begin PBXGroup section */
		284C791024773ABA00CF6F67 = {
			isa = PBXGroup;
			children = (
				284C791B24773ABA00CF6F67 /* Image */,
				284C793024773ABC00CF6F67 /* ImageTests */,
				284C793B24773ABC00CF6F67 /* ImageUITests */,
				284C791A24773ABA00CF6F67 /* Products */,
			);
			sourceTree = "<group>";
		};
		284C791A24773ABA00CF6F67 /* Products */ = {
			isa = PBXGroup;
			children = (
				284C791924773ABA00CF6F67 /* Image.app */,
				284C792D24773ABC00CF6F67 /* ImageTests.xctest */,
				284C793824773ABC00CF6F67 /* ImageUITests.xctest */,
			);
			name = Products;
			sourceTree = "<group>";
		};
		284C791B24773ABA00CF6F67 /* Image */ = {
			isa = PBXGroup;
			children = (
				284C791C24773ABA00CF6F67 /* AppDelegate.swift */,
				284C791E24773ABA00CF6F67 /* ViewController.swift */,
				284C792024773ABA00CF6F67 /* Main.storyboard */,
				284C792324773ABC00CF6F67 /* Assets.xcassets */,
				284C792524773ABC00CF6F67 /* LaunchScreen.storyboard */,
				284C792824773ABC00CF6F67 /* Info.plist */,
			);
			path = Image;
			sourceTree = "<group>";
		};
		284C793024773ABC00CF6F67 /* ImageTests */ = {
			isa = PBXGroup;
			children = (
				284C793124773ABC00CF6F67 /* ImageTests.swift */,
				284C793324773ABC00CF6F67 /* Info.plist */,
			);
			path = ImageTests;
			sourceTree = "<group>";
		};
		284C793B24773ABC00CF6F67 /* ImageUITests */ = {
			isa = PBXGroup;
			children = (
				284C793C24773ABC00CF6F67 /* ImageUITests.swift */,
				284C793E24773ABC00CF6F67 /* Info.plist */,
			);
			path = ImageUITests;
			sourceTree = "<group>";
		};
/* End PBXGroup section */

/* Begin PBXNativeTarget section */
		284C791824773ABA00CF6F67 /* Image */ = {
			isa = PBXNativeTarget;
			buildConfigurationList = 284C794124773ABC00CF6F67 /* Build configuration list for PBXNativeTarget "Image" */;
			buildPhases = (
				284C791524773ABA00CF6F67 /* Sources */,
				284C791624773ABA00CF6F67 /* Frameworks */,
				284C791724773ABA00CF6F67 /* Resources */,
			);
			buildRules = (
			);
			dependencies = (
			);
			name = Image;
			productName = Image;
			productReference = 284C791924773ABA00CF6F67 /* Image.app */;
			productType = "com.apple.product-type.application";
		};
		284C792C24773ABC00CF6F67 /* ImageTests */ = {
			isa = PBXNativeTarget;
			buildConfigurationList = 284C794424773ABC00CF6F67 /* Build configuration list for PBXNativeTarget "ImageTests" */;
			buildPhases = (
				284C792924773ABC00CF6F67 /* Sources */,
				284C792A24773ABC00CF6F67 /* Frameworks */,
				284C792B24773ABC00CF6F67 /* Resources */,
			);
			buildRules = (
			);
			dependencies = (
				284C792F24773ABC00CF6F67 /* PBXTargetDependency */,
			);
			name = ImageTests;
			productName = ImageTests;
			productReference = 284C792D24773ABC00CF6F67 /* ImageTests.xctest */;
			productType = "com.apple.product-type.bundle.unit-test";
		};
		284C793724773ABC00CF6F67 /* ImageUITests */ = {
			isa = PBXNativeTarget;
			buildConfigurationList = 284C794724773ABC00CF6F67 /* Build configuration list for PBXNativeTarget "ImageUITests" */;
			buildPhases = (
				284C793424773ABC00CF6F67 /* Sources */,
				284C793524773ABC00CF6F67 /* Frameworks */,
				284C793624773ABC00CF6F67 /* Resources */,
			);
			buildRules = (
			);
			dependencies = (
				284C793A24773ABC00CF6F67 /* PBXTargetDependency */,
			);
			name = ImageUITests;
			productName = ImageUITests;
			productReference = 284C793824773ABC00CF6F67 /* ImageUITests.xctest */;
			productType = "com.apple.product-type.bundle.ui-testing";
		};
/* End PBXNativeTarget section */

/* Begin PBXProject section */
		284C791124773ABA00CF6F67 /* Project object */ = {
			isa = PBXProject;
			attributes = {
				LastSwiftUpdateCheck = 1020;
				LastUpgradeCheck = 1020;
				ORGANIZATIONNAME = "Rommer Chu";
				TargetAttributes = {
					284C791824773ABA00CF6F67 = {
						CreatedOnToolsVersion = 10.2.1;
					};
					284C792C24773ABC00CF6F67 = {
						CreatedOnToolsVersion = 10.2.1;
						TestTargetID = 284C791824773ABA00CF6F67;
					};
					284C793724773ABC00CF6F67 = {
						CreatedOnToolsVersion = 10.2.1;
						TestTargetID = 284C791824773ABA00CF6F67;
					};
				};
			};
			buildConfigurationList = 284C791424773ABA00CF6F67 /* Build configuration list for PBXProject "Image" */;
			compatibilityVersion = "Xcode 9.3";
			developmentRegion = en;
			hasScannedForEncodings = 0;
			knownRegions = (
				en,
				Base,
			);
			mainGroup = 284C791024773ABA00CF6F67;
			productRefGroup = 284C791A24773ABA00CF6F67 /* Products */;
			projectDirPath = "";
			projectRoot = "";
			targets = (
				284C791824773ABA00CF6F67 /* Image */,
				284C792C24773ABC00CF6F67 /* ImageTests */,
				284C793724773ABC00CF6F67 /* ImageUITests */,
			);
		};
/* End PBXProject section */

/* Begin PBXResourcesBuildPhase section */
		284C791724773ABA00CF6F67 /* Resources */ = {
			isa = PBXResourcesBuildPhase;
			buildActionMask = 2147483647;
			files = (
				284C792724773ABC00CF6F67 /* LaunchScreen.storyboard in Resources */,
				284C792424773ABC00CF6F67 /* Assets.xcassets in Resources */,
				284C792224773ABA00CF6F67 /* Main.storyboard in Resources */,
			);
			runOnlyForDeploymentPostprocessing = 0;
		};
		284C792B24773ABC00CF6F67 /* Resources */ = {
			isa = PBXResourcesBuildPhase;
			buildActionMask = 2147483647;
			files = (
			);
			runOnlyForDeploymentPostprocessing = 0;
		};
		284C793624773ABC00CF6F67 /* Resources */ = {
			isa = PBXResourcesBuildPhase;
			buildActionMask = 2147483647;
			files = (
			);
			runOnlyForDeploymentPostprocessing = 0;
		};
/* End PBXResourcesBuildPhase section */

/* Begin PBXSourcesBuildPhase section */
		284C791524773ABA00CF6F67 /* Sources */ = {
			isa = PBXSourcesBuildPhase;
			buildActionMask = 2147483647;
			files = (
				284C791F24773ABA00CF6F67 /* ViewController.swift in Sources */,
				284C791D24773ABA00CF6F67 /* AppDelegate.swift in Sources */,
			);
			runOnlyForDeploymentPostprocessing = 0;
		};
		284C792924773ABC00CF6F67 /* Sources */ = {
			isa = PBXSourcesBuildPhase;
			buildActionMask = 2147483647;
			files = (
				284C793224773ABC00CF6F67 /* ImageTests.swift in Sources */,
			);
			runOnlyForDeploymentPostprocessing = 0;
		};
		284C793424773ABC00CF6F67 /* Sources */ = {
			isa = PBXSourcesBuildPhase;
			buildActionMask = 2147483647;
			files = (
				284C793D24773ABC00CF6F67 /* ImageUITests.swift in Sources */,
			);
			runOnlyForDeploymentPostprocessing = 0;
		};
/* End PBXSourcesBuildPhase section */

/* Begin PBXTargetDependency section */
		284C792F24773ABC00CF6F67 /* PBXTargetDependency */ = {
			isa = PBXTargetDependency;
			target = 284C791824773ABA00CF6F67 /* Image */;
			targetProxy = 284C792E24773ABC00CF6F67 /* PBXContainerItemProxy */;
		};
		284C793A24773ABC00CF6F67 /* PBXTargetDependency */ = {
			isa = PBXTargetDependency;
			target = 284C791824773ABA00CF6F67 /* Image */;
			targetProxy = 284C793924773ABC00CF6F67 /* PBXContainerItemProxy */;
		};
/* End PBXTargetDependency section */

/* Begin PBXVariantGroup section */
		284C792024773ABA00CF6F67 /* Main.storyboard */ = {
			isa = PBXVariantGroup;
			children = (
				284C792124773ABA00CF6F67 /* Base */,
			);
			name = Main.storyboard;
			sourceTree = "<group>";
		};
		284C792524773ABC00CF6F67 /* LaunchScreen.storyboard */ = {
			isa = PBXVariantGroup;
			children = (
				284C792624773ABC00CF6F67 /* Base */,
			);
			name = LaunchScreen.storyboard;
			sourceTree = "<group>";
		};
/* End PBXVariantGroup section */

/* Begin XCBuildConfiguration section */
		284C793F24773ABC00CF6F67 /* Debug */ = {
			isa = XCBuildConfiguration;
			buildSettings = {
				ALWAYS_SEARCH_USER_PATHS = NO;
				CLANG_ANALYZER_NONNULL = YES;
				CLANG_ANALYZER_NUMBER_OBJECT_CONVERSION = YES_AGGRESSIVE;
				CLANG_CXX_LANGUAGE_STANDARD = "gnu++14";
				CLANG_CXX_LIBRARY = "libc++";
				CLANG_ENABLE_MODULES = YES;
				CLANG_ENABLE_OBJC_ARC = YES;
				CLANG_ENABLE_OBJC_WEAK = YES;
				CLANG_WARN_BLOCK_CAPTURE_AUTORELEASING = YES;
				CLANG_WARN_BOOL_CONVERSION = YES;
				CLANG_WARN_COMMA = YES;
				CLANG_WARN_CONSTANT_CONVERSION = YES;
				CLANG_WARN_DEPRECATED_OBJC_IMPLEMENTATIONS = YES;
				CLANG_WARN_DIRECT_OBJC_ISA_USAGE = YES_ERROR;
				CLANG_WARN_DOCUMENTATION_COMMENTS = YES;
				CLANG_WARN_EMPTY_BODY = YES;
				CLANG_WARN_ENUM_CONVERSION = YES;
				CLANG_WARN_INFINITE_RECURSION = YES;
				CLANG_WARN_INT_CONVERSION = YES;
				CLANG_WARN_NON_LITERAL_NULL_CONVERSION = YES;
				CLANG_WARN_OBJC_IMPLICIT_RETAIN_SELF = YES;
				CLANG_WARN_OBJC_LITERAL_CONVERSION = YES;
				CLANG_WARN_OBJC_ROOT_CLASS = YES_ERROR;
				CLANG_WARN_RANGE_LOOP_ANALYSIS = YES;
				CLANG_WARN_STRICT_PROTOTYPES = YES;
				CLANG_WARN_SUSPICIOUS_MOVE = YES;
				CLANG_WARN_UNGUARDED_AVAILABILITY = YES_AGGRESSIVE;
				CLANG_WARN_UNREACHABLE_CODE = YES;
				CLANG_WARN__DUPLICATE_METHOD_MATCH = YES;
				CODE_SIGN_IDENTITY = "iPhone Developer";
				COPY_PHASE_STRIP = NO;
				DEBUG_INFORMATION_FORMAT = dwarf;
				ENABLE_STRICT_OBJC_MSGSEND = YES;
				ENABLE_TESTABILITY = YES;
				GCC_C_LANGUAGE_STANDARD = gnu11;
				GCC_DYNAMIC_NO_PIC = NO;
				GCC_NO_COMMON_BLOCKS = YES;
				GCC_OPTIMIZATION_LEVEL = 0;
				GCC_PREPROCESSOR_DEFINITIONS = (
					"DEBUG=1",
					"$(inherited)",
				);
				GCC_WARN_64_TO_32_BIT_CONVERSION = YES;
				GCC_WARN_ABOUT_RETURN_TYPE = YES_ERROR;
				GCC_WARN_UNDECLARED_SELECTOR = YES;
				GCC_WARN_UNINITIALIZED_AUTOS = YES_AGGRESSIVE;
				GCC_WARN_UNUSED_FUNCTION = YES;
				GCC_WARN_UNUSED_VARIABLE = YES;
				IPHONEOS_DEPLOYMENT_TARGET = 12.2;
				MTL_ENABLE_DEBUG_INFO = INCLUDE_SOURCE;
				MTL_FAST_MATH = YES;
				ONLY_ACTIVE_ARCH = YES;
				SDKROOT = iphoneos;
				SWIFT_ACTIVE_COMPILATION_CONDITIONS = DEBUG;
				SWIFT_OPTIMIZATION_LEVEL = "-Onone";
			};
			name = Debug;
		};
		284C794024773ABC00CF6F67 /* Release */ = {
			isa = XCBuildConfiguration;
			buildSettings = {
				ALWAYS_SEARCH_USER_PATHS = NO;
				CLANG_ANALYZER_NONNULL = YES;
				CLANG_ANALYZER_NUMBER_OBJECT_CONVERSION = YES_AGGRESSIVE;
				CLANG_CXX_LANGUAGE_STANDARD = "gnu++14";
				CLANG_CXX_LIBRARY = "libc++";
				CLANG_ENABLE_MODULES = YES;
				CLANG_ENABLE_OBJC_ARC = YES;
				CLANG_ENABLE_OBJC_WEAK = YES;
				CLANG_WARN_BLOCK_CAPTURE_AUTORELEASING = YES;
				CLANG_WARN_BOOL_CONVERSION = YES;
				CLANG_WARN_COMMA = YES;
				CLANG_WARN_CONSTANT_CONVERSION = YES;
				CLANG_WARN_DEPRECATED_OBJC_IMPLEMENTATIONS = YES;
				CLANG_WARN_DIRECT_OBJC_ISA_USAGE = YES_ERROR;
				CLANG_WARN_DOCUMENTATION_COMMENTS = YES;
				CLANG_WARN_EMPTY_BODY = YES;
				CLANG_WARN_ENUM_CONVERSION = YES;
				CLANG_WARN_INFINITE_RECURSION = YES;
				CLANG_WARN_INT_CONVERSION = YES;
				CLANG_WARN_NON_LITERAL_NULL_CONVERSION = YES;
				CLANG_WARN_OBJC_IMPLICIT_RETAIN_SELF = YES;
				CLANG_WARN_OBJC_LITERAL_CONVERSION = YES;
				CLANG_WARN_OBJC_ROOT_CLASS = YES_ERROR;
				CLANG_WARN_RANGE_LOOP_ANALYSIS = YES;
				CLANG_WARN_STRICT_PROTOTYPES = YES;
				CLANG_WARN_SUSPICIOUS_MOVE = YES;
				CLANG_WARN_UNGUARDED_AVAILABILITY = YES_AGGRESSIVE;
				CLANG_WARN_UNREACHABLE_CODE = YES;
				CLANG_WARN__DUPLICATE_METHOD_MATCH = YES;
				CODE_SIGN_IDENTITY = "iPhone Developer";
				COPY_PHASE_STRIP = NO;
				DEBUG_INFORMATION_FORMAT = "dwarf-with-dsym";
				ENABLE_NS_ASSERTIONS = NO;
				ENABLE_STRICT_OBJC_MSGSEND = YES;
				GCC_C_LANGUAGE_STANDARD = gnu11;
				GCC_NO_COMMON_BLOCKS = YES;
				GCC_WARN_64_TO_32_BIT_CONVERSION = YES;
				GCC_WARN_ABOUT_RETURN_TYPE = YES_ERROR;
				GCC_WARN_UNDECLARED_SELECTOR = YES;
				GCC_WARN_UNINITIALIZED_AUTOS = YES_AGGRESSIVE;
				GCC_WARN_UNUSED_FUNCTION = YES;
				GCC_WARN_UNUSED_VARIABLE = YES;
				IPHONEOS_DEPLOYMENT_TARGET = 12.2;
				MTL_ENABLE_DEBUG_INFO = NO;
				MTL_FAST_MATH = YES;
				SDKROOT = iphoneos;
				SWIFT_COMPILATION_MODE = wholemodule;
				SWIFT_OPTIMIZATION_LEVEL = "-O";
				VALIDATE_PRODUCT = YES;
			};
			name = Release;
		};
		284C794224773ABC00CF6F67 /* Debug */ = {
			isa = XCBuildConfiguration;
			buildSettings = {
				ASSETCATALOG_COMPILER_APPICON_NAME = AppIcon;
				CODE_SIGN_STYLE = Automatic;
				INFOPLIST_FILE = Image/Info.plist;
				LD_RUNPATH_SEARCH_PATHS = (
					"$(inherited)",
					"@executable_path/Frameworks",
				);
				PRODUCT_BUNDLE_IDENTIFIER = Home.Image;
				PRODUCT_NAME = "$(TARGET_NAME)";
				SWIFT_VERSION = 5.0;
				TARGETED_DEVICE_FAMILY = "1,2";
			};
			name = Debug;
		};
		284C794324773ABC00CF6F67 /* Release */ = {
			isa = XCBuildConfiguration;
			buildSettings = {
				ASSETCATALOG_COMPILER_APPICON_NAME = AppIcon;
				CODE_SIGN_STYLE = Automatic;
				INFOPLIST_FILE = Image/Info.plist;
				LD_RUNPATH_SEARCH_PATHS = (
					"$(inherited)",
					"@executable_path/Frameworks",
				);
				PRODUCT_BUNDLE_IDENTIFIER = Home.Image;
				PRODUCT_NAME = "$(TARGET_NAME)";
				SWIFT_VERSION = 5.0;
				TARGETED_DEVICE_FAMILY = "1,2";
			};
			name = Release;
		};
		284C794524773ABC00CF6F67 /* Debug */ = {
			isa = XCBuildConfiguration;
			buildSettings = {
				ALWAYS_EMBED_SWIFT_STANDARD_LIBRARIES = YES;
				BUNDLE_LOADER = "$(TEST_HOST)";
				CODE_SIGN_STYLE = Automatic;
				INFOPLIST_FILE = ImageTests/Info.plist;
				LD_RUNPATH_SEARCH_PATHS = (
					"$(inherited)",
					"@executable_path/Frameworks",
					"@loader_path/Frameworks",
				);
				PRODUCT_BUNDLE_IDENTIFIER = Home.ImageTests;
				PRODUCT_NAME = "$(TARGET_NAME)";
				SWIFT_VERSION = 5.0;
				TARGETED_DEVICE_FAMILY = "1,2";
				TEST_HOST = "$(BUILT_PRODUCTS_DIR)/Image.app/Image";
			};
			name = Debug;
		};
		284C794624773ABC00CF6F67 /* Release */ = {
			isa = XCBuildConfiguration;
			buildSettings = {
				ALWAYS_EMBED_SWIFT_STANDARD_LIBRARIES = YES;
				BUNDLE_LOADER = "$(TEST_HOST)";
				CODE_SIGN_STYLE = Automatic;
				INFOPLIST_FILE = ImageTests/Info.plist;
				LD_RUNPATH_SEARCH_PATHS = (
					"$(inherited)",
					"@executable_path/Frameworks",
					"@loader_path/Frameworks",
				);
				PRODUCT_BUNDLE_IDENTIFIER = Home.ImageTests;
				PRODUCT_NAME = "$(TARGET_NAME)";
				SWIFT_VERSION = 5.0;
				TARGETED_DEVICE_FAMILY = "1,2";
				TEST_HOST = "$(BUILT_PRODUCTS_DIR)/Image.app/Image";
			};
			name = Release;
		};
		284C794824773ABC00CF6F67 /* Debug */ = {
			isa = XCBuildConfiguration;
			buildSettings = {
				ALWAYS_EMBED_SWIFT_STANDARD_LIBRARIES = YES;
				CODE_SIGN_STYLE = Automatic;
				INFOPLIST_FILE = ImageUITests/Info.plist;
				LD_RUNPATH_SEARCH_PATHS = (
					"$(inherited)",
					"@executable_path/Frameworks",
					"@loader_path/Frameworks",
				);
				PRODUCT_BUNDLE_IDENTIFIER = Home.ImageUITests;
				PRODUCT_NAME = "$(TARGET_NAME)";
				SWIFT_VERSION = 5.0;
				TARGETED_DEVICE_FAMILY = "1,2";
				TEST_TARGET_NAME = Image;
			};
			name = Debug;
		};
		284C794924773ABC00CF6F67 /* Release */ = {
			isa = XCBuildConfiguration;
			buildSettings = {
				ALWAYS_EMBED_SWIFT_STANDARD_LIBRARIES = YES;
				CODE_SIGN_STYLE = Automatic;
				INFOPLIST_FILE = ImageUITests/Info.plist;
				LD_RUNPATH_SEARCH_PATHS = (
					"$(inherited)",
					"@executable_path/Frameworks",
					"@loader_path/Frameworks",
				);
				PRODUCT_BUNDLE_IDENTIFIER = Home.ImageUITests;
				PRODUCT_NAME = "$(TARGET_NAME)";
				SWIFT_VERSION = 5.0;
				TARGETED_DEVICE_FAMILY = "1,2";
				TEST_TARGET_NAME = Image;
			};
			name = Release;
		};
/* End XCBuildConfiguration section */

/* Begin XCConfigurationList section */
		284C791424773ABA00CF6F67 /* Build configuration list for PBXProject "Image" */ = {
			isa = XCConfigurationList;
			buildConfigurations = (
				284C793F24773ABC00CF6F67 /* Debug */,
				284C794024773ABC00CF6F67 /* Release */,
			);
			defaultConfigurationIsVisible = 0;
			defaultConfigurationName = Release;
		};
		284C794124773ABC00CF6F67 /* Build configuration list for PBXNativeTarget "Image" */ = {
			isa = XCConfigurationList;
			buildConfigurations = (
				284C794224773ABC00CF6F67 /* Debug */,
				284C794324773ABC00CF6F67 /* Release */,
			);
			defaultConfigurationIsVisible = 0;
			defaultConfigurationName = Release;
		};
		284C794424773ABC00CF6F67 /* Build configuration list for PBXNativeTarget "ImageTests" */ = {
			isa = XCConfigurationList;
			buildConfigurations = (
				284C794524773ABC00CF6F67 /* Debug */,
				284C794624773ABC00CF6F67 /* Release */,
			);
			defaultConfigurationIsVisible = 0;
			defaultConfigurationName = Release;
		};
		284C794724773ABC00CF6F67 /* Build configuration list for PBXNativeTarget "ImageUITests" */ = {
			isa = XCConfigurationList;
			buildConfigurations = (
				284C794824773ABC00CF6F67 /* Debug */,
				284C794924773ABC00CF6F67 /* Release */,
			);
			defaultConfigurationIsVisible = 0;
			defaultConfigurationName = Release;
		};
/* End XCConfigurationList section */
	};
	rootObject = 284C791124773ABA00CF6F67 /* Project object */;
}
